
Microsoft Visual Studio Solution File, Format Version 12.00
# Visual Studio Version 17
VisualStudioVersion = 17.5.33627.172
MinimumVisualStudioVersion = 10.0.40219.1
Project("{9A19103F-16F7-4668-BE54-9A1E7A4F7556}") = "Bird_Management", "Bird_Management\Bird_Management.csproj", "{893D3BB2-B0C9-43EB-A510-CCA3731503C6}"
EndProject
Project("{9A19103F-16F7-4668-BE54-9A1E7A4F7556}") = "Repository", "Respository\Repository.csproj", "{461FD41F-02FA-451F-A6F4-727E25E110AE}"
EndProject
Global
	GlobalSection(SolutionConfigurationPlatforms) = preSolution
		Debug|Any CPU = Debug|Any CPU
		Release|Any CPU = Release|Any CPU
	EndGlobalSection
	GlobalSection(ProjectConfigurationPlatforms) = postSolution
		{893D3BB2-B0C9-43EB-A510-CCA3731503C6}.Debug|Any CPU.ActiveCfg = Debug|Any CPU
		{893D3BB2-B0C9-43EB-A510-CCA3731503C6}.Debug|Any CPU.Build.0 = Debug|Any CPU
		{893D3BB2-B0C9-43EB-A510-CCA3731503C6}.Release|Any CPU.ActiveCfg = Release|Any CPU
		{893D3BB2-B0C9-43EB-A510-CCA3731503C6}.Release|Any CPU.Build.0 = Release|Any CPU
		{461FD41F-02FA-451F-A6F4-727E25E110AE}.Debug|Any CPU.ActiveCfg = Debug|Any CPU
		{461FD41F-02FA-451F-A6F4-727E25E110AE}.Debug|Any CPU.Build.0 = Debug|Any CPU
		{461FD41F-02FA-451F-A6F4-727E25E110AE}.Release|Any CPU.ActiveCfg = Release|Any CPU
		{461FD41F-02FA-451F-A6F4-727E25E110AE}.Release|Any CPU.Build.0 = Release|Any CPU
	EndGlobalSection
	GlobalSection(SolutionProperties) = preSolution
		HideSolutionNode = FALSE
	EndGlobalSection
	GlobalSection(ExtensibilityGlobals) = postSolution
		SolutionGuid = {A07A42BE-D1BE-445C-9A4B-31A73C9575B7}
	EndGlobalSection
EndGlobal
